PODS:
  - LicensePlist (3.17.0)
  - SwiftLint (0.46.2)

DEPENDENCIES:
  - LicensePlist
  - SwiftLint

SPEC REPOS:
  trunk:
    - LicensePlist
    - SwiftLint

SPEC CHECKSUMS:
  LicensePlist: f7eaf6d1d39746d49415ab30f104b734d5163519
  SwiftLint: 6bc52a21f0fd44cab9aa2dc8e534fb9f5e3ec507

PODFILE CHECKSUM: 91638c647dd49dcdeffcc37ad14c0d71277ebb90

COCOAPODS: 1.11.2
